
Microsoft Visual Studio Solution File, Format Version 12.00
# Visual Studio Version 17
VisualStudioVersion = 17.0.31912.275
MinimumVisualStudioVersion = 10.0.40219.1
Project("{FAE04EC0-301F-11D3-BF4B-00C04F79EFBC}") = "web", "web\web.csproj", "{829E46AC-26C8-416A-A14F-EB593E19EE2C}"
EndProject
Global
	GlobalSection(SolutionConfigurationPlatforms) = preSolution
		Debug|Any CPU = Debug|Any CPU
		Release|Any CPU = Release|Any CPU
	EndGlobalSection
	GlobalSection(ProjectConfigurationPlatforms) = postSolution
		{829E46AC-26C8-416A-A14F-EB593E19EE2C}.Debug|Any CPU.ActiveCfg = Debug|Any CPU
		{829E46AC-26C8-416A-A14F-EB593E19EE2C}.Debug|Any CPU.Build.0 = Debug|Any CPU
		{829E46AC-26C8-416A-A14F-EB593E19EE2C}.Release|Any CPU.ActiveCfg = Release|Any CPU
		{829E46AC-26C8-416A-A14F-EB593E19EE2C}.Release|Any CPU.Build.0 = Release|Any CPU
	EndGlobalSection
	GlobalSection(SolutionProperties) = preSolution
		HideSolutionNode = FALSE
	EndGlobalSection
	GlobalSection(ExtensibilityGlobals) = postSolution
		SolutionGuid = {81DFC5EF-E53D-44EA-9110-BB316033E69D}
	EndGlobalSection
EndGlobal
